
Microsoft Visual Studio Solution File, Format Version 12.00
# Visual Studio Version 16
VisualStudioVersion = 16.0.30621.155
MinimumVisualStudioVersion = 10.0.40219.1
Project("{FAE04EC0-301F-11D3-BF4B-00C04F79EFBC}") = "CreateEvents", "CreateEvents.csproj", "{2B6CD69F-0D76-4D88-8450-7B84CCA7CF3D}"
EndProject
Global
	GlobalSection(SolutionConfigurationPlatforms) = preSolution
		Debug|Any CPU = Debug|Any CPU
		Release|Any CPU = Release|Any CPU
	EndGlobalSection
	GlobalSection(ProjectConfigurationPlatforms) = postSolution
		{2B6CD69F-0D76-4D88-8450-7B84CCA7CF3D}.Debug|Any CPU.ActiveCfg = Debug|Any CPU
		{2B6CD69F-0D76-4D88-8450-7B84CCA7CF3D}.Debug|Any CPU.Build.0 = Debug|Any CPU
		{2B6CD69F-0D76-4D88-8450-7B84CCA7CF3D}.Release|Any CPU.ActiveCfg = Release|Any CPU
		{2B6CD69F-0D76-4D88-8450-7B84CCA7CF3D}.Release|Any CPU.Build.0 = Release|Any CPU
	EndGlobalSection
	GlobalSection(SolutionProperties) = preSolution
		HideSolutionNode = FALSE
	EndGlobalSection
	GlobalSection(ExtensibilityGlobals) = postSolution
		SolutionGuid = {789E4D59-F5D5-4069-889F-0F10783ECC1A}
	EndGlobalSection
EndGlobal
